{
  "version": 4,
  "terraform_version": "0.12.24",
  "serial": 173,
  "lineage": "4518a5e3-4731-9156-abdf-f80965987258",
  "outputs": {
    "dbsecgroup": {
      "value": [
        {
          "address": "aurora-cluster-demo-1.cryctuyocaip.us-east-1.rds.amazonaws.com",
          "allocated_storage": 1,
          "auto_minor_version_upgrade": null,
          "availability_zone": "us-east-1a",
          "backup_retention_period": 5,
          "ca_cert_identifier": "rds-ca-2019",
          "db_cluster_identifier": "tformclusterone",
          "db_instance_arn": "arn:aws:rds:us-east-1:032037257384:db:aurora-cluster-demo-1",
          "db_instance_class": "db.t2.medium",
          "db_instance_identifier": "aurora-cluster-demo-1",
          "db_instance_port": 0,
          "db_name": "customer_onboard",
          "db_parameter_groups": [
            "default.aurora-mysql5.7"
          ],
          "db_security_groups": [],
          "db_subnet_group": "localdbtest",
          "enabled_cloudwatch_logs_exports": [],
          "endpoint": "aurora-cluster-demo-1.cryctuyocaip.us-east-1.rds.amazonaws.com:3306",
          "engine": "aurora-mysql",
          "engine_version": "5.7.mysql_aurora.2.07.0",
          "hosted_zone_id": "Z2R2ITUGPM61AM",
          "id": "aurora-cluster-demo-1",
          "iops": 0,
          "kms_key_id": "",
          "license_model": "general-public-license",
          "master_username": "dbc",
          "monitoring_interval": 0,
          "monitoring_role_arn": "",
          "multi_az": false,
          "option_group_memberships": [
            "default:aurora-mysql-5-7"
          ],
          "port": 3306,
          "preferred_backup_window": "07:00-09:00",
          "preferred_maintenance_window": "sun:06:09-sun:06:39",
          "publicly_accessible": false,
          "replicate_source_db": "",
          "resource_id": "db-STZATWBW3OPMU5RLWP6DFMPWGY",
          "storage_encrypted": false,
          "storage_type": "aurora",
          "tags": {
            "Name": "localdbtest"
          },
          "timezone": "",
          "vpc_security_groups": [
            "sg-0f6fb6eb13ff69671"
          ]
        }
      ],
      "type": [
        "tuple",
        [
          [
            "object",
            {
              "address": "string",
              "allocated_storage": "number",
              "auto_minor_version_upgrade": "bool",
              "availability_zone": "string",
              "backup_retention_period": "number",
              "ca_cert_identifier": "string",
              "db_cluster_identifier": "string",
              "db_instance_arn": "string",
              "db_instance_class": "string",
              "db_instance_identifier": "string",
              "db_instance_port": "number",
              "db_name": "string",
              "db_parameter_groups": [
                "list",
                "string"
              ],
              "db_security_groups": [
                "list",
                "string"
              ],
              "db_subnet_group": "string",
              "enabled_cloudwatch_logs_exports": [
                "list",
                "string"
              ],
              "endpoint": "string",
              "engine": "string",
              "engine_version": "string",
              "hosted_zone_id": "string",
              "id": "string",
              "iops": "number",
              "kms_key_id": "string",
              "license_model": "string",
              "master_username": "string",
              "monitoring_interval": "number",
              "monitoring_role_arn": "string",
              "multi_az": "bool",
              "option_group_memberships": [
                "list",
                "string"
              ],
              "port": "number",
              "preferred_backup_window": "string",
              "preferred_maintenance_window": "string",
              "publicly_accessible": "bool",
              "replicate_source_db": "string",
              "resource_id": "string",
              "storage_encrypted": "bool",
              "storage_type": "string",
              "tags": [
                "map",
                "string"
              ],
              "timezone": "string",
              "vpc_security_groups": [
                "list",
                "string"
              ]
            }
          ]
        ]
      ]
    },
    "local_aws_eip3_out": {
      "value": [
        "eipalloc-0397e21bd11c6f3ac"
      ],
      "type": [
        "tuple",
        [
          "string"
        ]
      ]
    },
    "local_igw_id_out": {
      "value": [
        "igw-0bc6854651ed1639b"
      ],
      "type": [
        "tuple",
        [
          "string"
        ]
      ]
    },
    "local_vpc_out": {
      "value": [
        "vpc-0ce99e63d5e5ed645"
      ],
      "type": [
        "tuple",
        [
          "string"
        ]
      ]
    },
    "subtnet1_out": {
      "value": [
        "subnet-0884c8cd30fa55f25"
      ],
      "type": [
        "tuple",
        [
          "string"
        ]
      ]
    },
    "subtnet2_out": {
      "value": [
        "subnet-0381811919feda024"
      ],
      "type": [
        "tuple",
        [
          "string"
        ]
      ]
    },
    "subtnet3_out": {
      "value": [
        "subnet-06ef80be4ef9918be"
      ],
      "type": [
        "tuple",
        [
          "string"
        ]
      ]
    }
  },
  "resources": [
    {
      "mode": "data",
      "type": "aws_db_instance",
      "name": "database",
      "provider": "provider.aws",
      "instances": [
        {
          "schema_version": 0,
          "attributes": {
            "address": "aurora-cluster-demo-1.cryctuyocaip.us-east-1.rds.amazonaws.com",
            "allocated_storage": 1,
            "auto_minor_version_upgrade": null,
            "availability_zone": "us-east-1a",
            "backup_retention_period": 5,
            "ca_cert_identifier": "rds-ca-2019",
            "db_cluster_identifier": "tformclusterone",
            "db_instance_arn": "arn:aws:rds:us-east-1:032037257384:db:aurora-cluster-demo-1",
            "db_instance_class": "db.t2.medium",
            "db_instance_identifier": "aurora-cluster-demo-1",
            "db_instance_port": 0,
            "db_name": "customer_onboard",
            "db_parameter_groups": [
              "default.aurora-mysql5.7"
            ],
            "db_security_groups": [],
            "db_subnet_group": "localdbtest",
            "enabled_cloudwatch_logs_exports": [],
            "endpoint": "aurora-cluster-demo-1.cryctuyocaip.us-east-1.rds.amazonaws.com:3306",
            "engine": "aurora-mysql",
            "engine_version": "5.7.mysql_aurora.2.07.0",
            "hosted_zone_id": "Z2R2ITUGPM61AM",
            "id": "aurora-cluster-demo-1",
            "iops": 0,
            "kms_key_id": "",
            "license_model": "general-public-license",
            "master_username": "dbc",
            "monitoring_interval": 0,
            "monitoring_role_arn": "",
            "multi_az": false,
            "option_group_memberships": [
              "default:aurora-mysql-5-7"
            ],
            "port": 3306,
            "preferred_backup_window": "07:00-09:00",
            "preferred_maintenance_window": "sun:06:09-sun:06:39",
            "publicly_accessible": false,
            "replicate_source_db": "",
            "resource_id": "db-STZATWBW3OPMU5RLWP6DFMPWGY",
            "storage_encrypted": false,
            "storage_type": "aurora",
            "tags": {
              "Name": "localdbtest"
            },
            "timezone": "",
            "vpc_security_groups": [
              "sg-0f6fb6eb13ff69671"
            ]
          }
        }
      ]
    },
    {
      "mode": "managed",
      "type": "aws_db_subnet_group",
      "name": "rds_subgroup",
      "provider": "provider.aws",
      "instances": [
        {
          "schema_version": 0,
          "attributes": {
            "arn": "arn:aws:rds:us-east-1:032037257384:subgrp:localdbtest",
            "description": "Managed by Terraform",
            "id": "localdbtest",
            "name": "localdbtest",
            "name_prefix": null,
            "subnet_ids": [
              "subnet-0381811919feda024",
              "subnet-0884c8cd30fa55f25"
            ],
            "tags": {
              "Name": "localdbtest"
            }
          },
          "private": "bnVsbA==",
          "dependencies": [
            "aws_subnet.awsobj1ta",
            "aws_subnet.awsobj1tb",
            "aws_vpc.aws_obj"
          ]
        }
      ]
    },
    {
      "mode": "managed",
      "type": "aws_eip",
      "name": "testEip1",
      "each": "list",
      "provider": "provider.aws",
      "instances": [
        {
          "index_key": 0,
          "schema_version": 0,
          "attributes": {
            "allocation_id": null,
            "associate_with_private_ip": null,
            "association_id": "",
            "domain": "vpc",
            "id": "eipalloc-0970ecb7894c8adfc",
            "instance": "",
            "network_interface": "",
            "private_dns": null,
            "private_ip": "",
            "public_dns": "ec2-3-213-225-87.compute-1.amazonaws.com",
            "public_ip": "3.213.225.87",
            "public_ipv4_pool": "amazon",
            "tags": null,
            "timeouts": null,
            "vpc": true
          },
          "private": "eyJlMmJmYjczMC1lY2FhLTExZTYtOGY4OC0zNDM2M2JjN2M0YzAiOnsiZGVsZXRlIjoxODAwMDAwMDAwMDAsInJlYWQiOjkwMDAwMDAwMDAwMCwidXBkYXRlIjozMDAwMDAwMDAwMDB9fQ=="
        }
      ]
    },
    {
      "mode": "managed",
      "type": "aws_eip",
      "name": "testEip2",
      "each": "list",
      "provider": "provider.aws",
      "instances": [
        {
          "index_key": 0,
          "schema_version": 0,
          "attributes": {
            "allocation_id": null,
            "associate_with_private_ip": null,
            "association_id": "",
            "domain": "vpc",
            "id": "eipalloc-041e775e4a24714c3",
            "instance": "",
            "network_interface": "",
            "private_dns": null,
            "private_ip": "",
            "public_dns": "ec2-34-198-225-184.compute-1.amazonaws.com",
            "public_ip": "34.198.225.184",
            "public_ipv4_pool": "amazon",
            "tags": null,
            "timeouts": null,
            "vpc": true
          },
          "private": "eyJlMmJmYjczMC1lY2FhLTExZTYtOGY4OC0zNDM2M2JjN2M0YzAiOnsiZGVsZXRlIjoxODAwMDAwMDAwMDAsInJlYWQiOjkwMDAwMDAwMDAwMCwidXBkYXRlIjozMDAwMDAwMDAwMDB9fQ=="
        }
      ]
    },
    {
      "mode": "managed",
      "type": "aws_eip",
      "name": "testEip3",
      "each": "list",
      "provider": "provider.aws",
      "instances": [
        {
          "index_key": 0,
          "schema_version": 0,
          "attributes": {
            "allocation_id": null,
            "associate_with_private_ip": null,
            "association_id": "",
            "domain": "vpc",
            "id": "eipalloc-0397e21bd11c6f3ac",
            "instance": "",
            "network_interface": "",
            "private_dns": null,
            "private_ip": "",
            "public_dns": "ec2-52-23-73-66.compute-1.amazonaws.com",
            "public_ip": "52.23.73.66",
            "public_ipv4_pool": "amazon",
            "tags": null,
            "timeouts": null,
            "vpc": true
          },
          "private": "eyJlMmJmYjczMC1lY2FhLTExZTYtOGY4OC0zNDM2M2JjN2M0YzAiOnsiZGVsZXRlIjoxODAwMDAwMDAwMDAsInJlYWQiOjkwMDAwMDAwMDAwMCwidXBkYXRlIjozMDAwMDAwMDAwMDB9fQ=="
        }
      ]
    },
    {
      "mode": "managed",
      "type": "aws_internet_gateway",
      "name": "aws_obj",
      "each": "list",
      "provider": "provider.aws",
      "instances": [
        {
          "index_key": 0,
          "schema_version": 0,
          "attributes": {
            "id": "igw-0bc6854651ed1639b",
            "owner_id": "032037257384",
            "tags": {
              "Name": "localdbtest"
            },
            "vpc_id": "vpc-0ce99e63d5e5ed645"
          },
          "private": "bnVsbA==",
          "dependencies": [
            "aws_vpc.aws_obj"
          ]
        }
      ]
    },
    {
      "mode": "managed",
      "type": "aws_rds_cluster",
      "name": "myprivcluster",
      "provider": "provider.aws",
      "instances": [
        {
          "schema_version": 0,
          "attributes": {
            "apply_immediately": null,
            "arn": "arn:aws:rds:us-east-1:032037257384:cluster:tformclusterone",
            "availability_zones": [
              "us-east-1a",
              "us-east-1b",
              "us-east-1d"
            ],
            "backtrack_window": 0,
            "backup_retention_period": 5,
            "cluster_identifier": "tformclusterone",
            "cluster_identifier_prefix": null,
            "cluster_members": [],
            "cluster_resource_id": "cluster-YEKF42NOEG6DEKGLRMEWWAJJTI",
            "copy_tags_to_snapshot": false,
            "database_name": "customer_onboard",
            "db_cluster_parameter_group_name": "default.aurora-mysql5.7",
            "db_subnet_group_name": "localdbtest",
            "deletion_protection": false,
            "enable_http_endpoint": false,
            "enabled_cloudwatch_logs_exports": null,
            "endpoint": "tformclusterone.cluster-cryctuyocaip.us-east-1.rds.amazonaws.com",
            "engine": "aurora-mysql",
            "engine_mode": "provisioned",
            "engine_version": "5.7.mysql_aurora.2.07.0",
            "final_snapshot_identifier": "fsnapid1",
            "global_cluster_identifier": "",
            "hosted_zone_id": "Z2R2ITUGPM61AM",
            "iam_database_authentication_enabled": false,
            "iam_roles": null,
            "id": "tformclusterone",
            "kms_key_id": "",
            "master_password": "icobdbc99",
            "master_username": "dbc",
            "port": 3306,
            "preferred_backup_window": "07:00-09:00",
            "preferred_maintenance_window": "sun:04:49-sun:05:19",
            "reader_endpoint": "tformclusterone.cluster-ro-cryctuyocaip.us-east-1.rds.amazonaws.com",
            "replication_source_identifier": "",
            "s3_import": [],
            "scaling_configuration": [],
            "skip_final_snapshot": true,
            "snapshot_identifier": null,
            "source_region": null,
            "storage_encrypted": false,
            "tags": {
              "Name": "localdbtest"
            },
            "timeouts": null,
            "vpc_security_group_ids": [
              "sg-0f6fb6eb13ff69671"
            ]
          },
          "private": "eyJlMmJmYjczMC1lY2FhLTExZTYtOGY4OC0zNDM2M2JjN2M0YzAiOnsiY3JlYXRlIjo3MjAwMDAwMDAwMDAwLCJkZWxldGUiOjcyMDAwMDAwMDAwMDAsInVwZGF0ZSI6NzIwMDAwMDAwMDAwMH19",
          "dependencies": [
            "aws_db_subnet_group.rds_subgroup",
            "aws_subnet.awsobj1ta",
            "aws_subnet.awsobj1tb",
            "aws_vpc.aws_obj"
          ]
        }
      ]
    },
    {
      "mode": "managed",
      "type": "aws_rds_cluster_instance",
      "name": "cluster_instance_1",
      "each": "list",
      "provider": "provider.aws",
      "instances": [
        {
          "index_key": 0,
          "schema_version": 0,
          "attributes": {
            "apply_immediately": null,
            "arn": "arn:aws:rds:us-east-1:032037257384:db:aurora-cluster-demo-1",
            "auto_minor_version_upgrade": true,
            "availability_zone": "us-east-1a",
            "ca_cert_identifier": "rds-ca-2019",
            "cluster_identifier": "tformclusterone",
            "copy_tags_to_snapshot": false,
            "db_parameter_group_name": "default.aurora-mysql5.7",
            "db_subnet_group_name": "localdbtest",
            "dbi_resource_id": "db-STZATWBW3OPMU5RLWP6DFMPWGY",
            "endpoint": "aurora-cluster-demo-1.cryctuyocaip.us-east-1.rds.amazonaws.com",
            "engine": "aurora-mysql",
            "engine_version": "5.7.mysql_aurora.2.07.0",
            "id": "aurora-cluster-demo-1",
            "identifier": "aurora-cluster-demo-1",
            "identifier_prefix": null,
            "instance_class": "db.t2.medium",
            "kms_key_id": "",
            "monitoring_interval": 0,
            "monitoring_role_arn": "",
            "performance_insights_enabled": false,
            "performance_insights_kms_key_id": "",
            "port": 3306,
            "preferred_backup_window": "07:00-09:00",
            "preferred_maintenance_window": "sun:06:09-sun:06:39",
            "promotion_tier": 0,
            "publicly_accessible": false,
            "storage_encrypted": false,
            "tags": {
              "Name": "localdbtest"
            },
            "timeouts": null,
            "writer": true
          },
          "private": "eyJlMmJmYjczMC1lY2FhLTExZTYtOGY4OC0zNDM2M2JjN2M0YzAiOnsiY3JlYXRlIjo1NDAwMDAwMDAwMDAwLCJkZWxldGUiOjU0MDAwMDAwMDAwMDAsInVwZGF0ZSI6NTQwMDAwMDAwMDAwMH19",
          "dependencies": [
            "aws_db_subnet_group.rds_subgroup",
            "aws_rds_cluster.myprivcluster",
            "aws_subnet.awsobj1ta",
            "aws_subnet.awsobj1tb",
            "aws_vpc.aws_obj"
          ]
        }
      ]
    },
    {
      "mode": "managed",
      "type": "aws_security_group_rule",
      "name": "addrule1",
      "provider": "provider.aws",
      "instances": [
        {
          "schema_version": 2,
          "attributes": {
            "cidr_blocks": [
              "0.0.0.0/0"
            ],
            "description": null,
            "from_port": 3306,
            "id": "sgrule-656122781",
            "ipv6_cidr_blocks": null,
            "prefix_list_ids": null,
            "protocol": "tcp",
            "security_group_id": "sg-0f6fb6eb13ff69671",
            "self": false,
            "source_security_group_id": null,
            "to_port": 3306,
            "type": "ingress"
          },
          "private": "eyJzY2hlbWFfdmVyc2lvbiI6IjIifQ==",
          "dependencies": [
            "aws_db_subnet_group.rds_subgroup",
            "aws_rds_cluster.myprivcluster",
            "aws_rds_cluster_instance.cluster_instance_1",
            "aws_subnet.awsobj1ta",
            "aws_subnet.awsobj1tb",
            "aws_vpc.aws_obj"
          ]
        }
      ]
    },
    {
      "mode": "managed",
      "type": "aws_subnet",
      "name": "awsobj1ta",
      "each": "list",
      "provider": "provider.aws",
      "instances": [
        {
          "index_key": 0,
          "schema_version": 1,
          "attributes": {
            "arn": "arn:aws:ec2:us-east-1:032037257384:subnet/subnet-0884c8cd30fa55f25",
            "assign_ipv6_address_on_creation": false,
            "availability_zone": "us-east-1a",
            "availability_zone_id": "use1-az6",
            "cidr_block": "192.0.1.0/24",
            "id": "subnet-0884c8cd30fa55f25",
            "ipv6_cidr_block": "",
            "ipv6_cidr_block_association_id": "",
            "map_public_ip_on_launch": false,
            "owner_id": "032037257384",
            "tags": {
              "Name": "localdbtest"
            },
            "timeouts": null,
            "vpc_id": "vpc-0ce99e63d5e5ed645"
          },
          "private": "eyJlMmJmYjczMC1lY2FhLTExZTYtOGY4OC0zNDM2M2JjN2M0YzAiOnsiY3JlYXRlIjo2MDAwMDAwMDAwMDAsImRlbGV0ZSI6MTIwMDAwMDAwMDAwMH0sInNjaGVtYV92ZXJzaW9uIjoiMSJ9",
          "dependencies": [
            "aws_vpc.aws_obj"
          ]
        }
      ]
    },
    {
      "mode": "managed",
      "type": "aws_subnet",
      "name": "awsobj1tb",
      "each": "list",
      "provider": "provider.aws",
      "instances": [
        {
          "index_key": 0,
          "schema_version": 1,
          "attributes": {
            "arn": "arn:aws:ec2:us-east-1:032037257384:subnet/subnet-0381811919feda024",
            "assign_ipv6_address_on_creation": false,
            "availability_zone": "us-east-1b",
            "availability_zone_id": "use1-az1",
            "cidr_block": "192.0.2.0/24",
            "id": "subnet-0381811919feda024",
            "ipv6_cidr_block": "",
            "ipv6_cidr_block_association_id": "",
            "map_public_ip_on_launch": false,
            "owner_id": "032037257384",
            "tags": {
              "Name": "localdbtest"
            },
            "timeouts": null,
            "vpc_id": "vpc-0ce99e63d5e5ed645"
          },
          "private": "eyJlMmJmYjczMC1lY2FhLTExZTYtOGY4OC0zNDM2M2JjN2M0YzAiOnsiY3JlYXRlIjo2MDAwMDAwMDAwMDAsImRlbGV0ZSI6MTIwMDAwMDAwMDAwMH0sInNjaGVtYV92ZXJzaW9uIjoiMSJ9",
          "dependencies": [
            "aws_vpc.aws_obj"
          ]
        }
      ]
    },
    {
      "mode": "managed",
      "type": "aws_subnet",
      "name": "awsobj1tc",
      "each": "list",
      "provider": "provider.aws",
      "instances": [
        {
          "index_key": 0,
          "schema_version": 1,
          "attributes": {
            "arn": "arn:aws:ec2:us-east-1:032037257384:subnet/subnet-06ef80be4ef9918be",
            "assign_ipv6_address_on_creation": false,
            "availability_zone": "us-east-1c",
            "availability_zone_id": "use1-az2",
            "cidr_block": "192.0.3.0/24",
            "id": "subnet-06ef80be4ef9918be",
            "ipv6_cidr_block": "",
            "ipv6_cidr_block_association_id": "",
            "map_public_ip_on_launch": false,
            "owner_id": "032037257384",
            "tags": {
              "Name": "localdbtest"
            },
            "timeouts": null,
            "vpc_id": "vpc-0ce99e63d5e5ed645"
          },
          "private": "eyJlMmJmYjczMC1lY2FhLTExZTYtOGY4OC0zNDM2M2JjN2M0YzAiOnsiY3JlYXRlIjo2MDAwMDAwMDAwMDAsImRlbGV0ZSI6MTIwMDAwMDAwMDAwMH0sInNjaGVtYV92ZXJzaW9uIjoiMSJ9",
          "dependencies": [
            "aws_vpc.aws_obj"
          ]
        }
      ]
    },
    {
      "mode": "managed",
      "type": "aws_vpc",
      "name": "aws_obj",
      "each": "list",
      "provider": "provider.aws",
      "instances": [
        {
          "index_key": 0,
          "schema_version": 1,
          "attributes": {
            "arn": "arn:aws:ec2:us-east-1:032037257384:vpc/vpc-0ce99e63d5e5ed645",
            "assign_generated_ipv6_cidr_block": false,
            "cidr_block": "192.0.0.0/16",
            "default_network_acl_id": "acl-08726be4ee28f7229",
            "default_route_table_id": "rtb-0adb9051d39afa475",
            "default_security_group_id": "sg-0f6fb6eb13ff69671",
            "dhcp_options_id": "dopt-c92d61b2",
            "enable_classiclink": false,
            "enable_classiclink_dns_support": false,
            "enable_dns_hostnames": false,
            "enable_dns_support": true,
            "id": "vpc-0ce99e63d5e5ed645",
            "instance_tenancy": "default",
            "ipv6_association_id": "",
            "ipv6_cidr_block": "",
            "main_route_table_id": "rtb-0adb9051d39afa475",
            "owner_id": "032037257384",
            "tags": {
              "Name": "localdbtest"
            }
          },
          "private": "eyJzY2hlbWFfdmVyc2lvbiI6IjEifQ=="
        }
      ]
    }
  ]
}
